
Microsoft Visual Studio Solution File, Format Version 12.00
# Visual Studio 15
Project("{FAE04EC0-301F-11D3-BF4B-00C04F79EFBC}") = "Assembly-CSharp", "Assembly-CSharp.csproj", "{3C2F56BA-B203-867F-1FE8-1FCF224B5432}"
EndProject
Project("{FAE04EC0-301F-11D3-BF4B-00C04F79EFBC}") = "Assembly-CSharp-Editor", "Assembly-CSharp-Editor.csproj", "{C975180C-46FF-1271-E16A-7048F54E754F}"
EndProject
Global
	GlobalSection(SolutionConfigurationPlatforms) = preSolution
		Debug|Any CPU = Debug|Any CPU
		Release|Any CPU = Release|Any CPU
	EndGlobalSection
	GlobalSection(ProjectConfigurationPlatforms) = postSolution
		{3C2F56BA-B203-867F-1FE8-1FCF224B5432}.Debug|Any CPU.ActiveCfg = Debug|Any CPU
		{3C2F56BA-B203-867F-1FE8-1FCF224B5432}.Debug|Any CPU.Build.0 = Debug|Any CPU
		{3C2F56BA-B203-867F-1FE8-1FCF224B5432}.Release|Any CPU.ActiveCfg = Release|Any CPU
		{3C2F56BA-B203-867F-1FE8-1FCF224B5432}.Release|Any CPU.Build.0 = Release|Any CPU
		{C975180C-46FF-1271-E16A-7048F54E754F}.Debug|Any CPU.ActiveCfg = Debug|Any CPU
		{C975180C-46FF-1271-E16A-7048F54E754F}.Debug|Any CPU.Build.0 = Debug|Any CPU
		{C975180C-46FF-1271-E16A-7048F54E754F}.Release|Any CPU.ActiveCfg = Release|Any CPU
		{C975180C-46FF-1271-E16A-7048F54E754F}.Release|Any CPU.Build.0 = Release|Any CPU
	EndGlobalSection
	GlobalSection(SolutionProperties) = preSolution
		HideSolutionNode = FALSE
	EndGlobalSection
EndGlobal
